// !$*UTF8*$!
{
	archiveVersion = 1;
	classes = {
	};
	objectVersion = 50;
	objects = {

/* Begin PBXBuildFile section */
		3249AFF89CD2F2349989BC73 /* Pods_NubankBrasaHacks2020_2_NubankBrasaHacks2020_2UITests.framework in Frameworks */ = {isa = PBXBuildFile; fileRef = E0C9DC38D10D3B3F95CA44AD /* Pods_NubankBrasaHacks2020_2_NubankBrasaHacks2020_2UITests.framework */; };
		81B90EFFC532477C4482D9FC /* Pods_NubankBrasaHacks2020_2Tests.framework in Frameworks */ = {isa = PBXBuildFile; fileRef = E93930929818BA989C20AA6F /* Pods_NubankBrasaHacks2020_2Tests.framework */; };
		BF5EEE957B6BE62B5F343DE9 /* Pods_NubankBrasaHacks2020_2.framework in Frameworks */ = {isa = PBXBuildFile; fileRef = AE3F94DEA2A49E763589AE77 /* Pods_NubankBrasaHacks2020_2.framework */; };
		E3B0CF2D2423849600C26FC3 /* AppDelegate.swift in Sources */ = {isa = PBXBuildFile; fileRef = E3B0CF2C2423849600C26FC3 /* AppDelegate.swift */; };
		E3B0CF2F2423849600C26FC3 /* SceneDelegate.swift in Sources */ = {isa = PBXBuildFile; fileRef = E3B0CF2E2423849600C26FC3 /* SceneDelegate.swift */; };
		E3B0CF312423849600C26FC3 /* FirstViewController.swift in Sources */ = {isa = PBXBuildFile; fileRef = E3B0CF302423849600C26FC3 /* FirstViewController.swift */; };
		E3B0CF332423849600C26FC3 /* SecondViewController.swift in Sources */ = {isa = PBXBuildFile; fileRef = E3B0CF322423849600C26FC3 /* SecondViewController.swift */; };
		E3B0CF362423849600C26FC3 /* Main.storyboard in Resources */ = {isa = PBXBuildFile; fileRef = E3B0CF342423849600C26FC3 /* Main.storyboard */; };
		E3B0CF382423849700C26FC3 /* Assets.xcassets in Resources */ = {isa = PBXBuildFile; fileRef = E3B0CF372423849700C26FC3 /* Assets.xcassets */; };
		E3B0CF3B2423849700C26FC3 /* LaunchScreen.storyboard in Resources */ = {isa = PBXBuildFile; fileRef = E3B0CF392423849700C26FC3 /* LaunchScreen.storyboard */; };
		E3B0CF462423849700C26FC3 /* NubankBrasaHacks2020_2Tests.swift in Sources */ = {isa = PBXBuildFile; fileRef = E3B0CF452423849700C26FC3 /* NubankBrasaHacks2020_2Tests.swift */; };
		E3B0CF512423849700C26FC3 /* NubankBrasaHacks2020_2UITests.swift in Sources */ = {isa = PBXBuildFile; fileRef = E3B0CF502423849700C26FC3 /* NubankBrasaHacks2020_2UITests.swift */; };
/* End PBXBuildFile section */

/* Begin PBXContainerItemProxy section */
		E3B0CF422423849700C26FC3 /* PBXContainerItemProxy */ = {
			isa = PBXContainerItemProxy;
			containerPortal = E3B0CF212423849600C26FC3 /* Project object */;
			proxyType = 1;
			remoteGlobalIDString = E3B0CF282423849600C26FC3;
			remoteInfo = NubankBrasaHacks2020_2;
		};
		E3B0CF4D2423849700C26FC3 /* PBXContainerItemProxy */ = {
			isa = PBXContainerItemProxy;
			containerPortal = E3B0CF212423849600C26FC3 /* Project object */;
			proxyType = 1;
			remoteGlobalIDString = E3B0CF282423849600C26FC3;
			remoteInfo = NubankBrasaHacks2020_2;
		};
/* End PBXContainerItemProxy section */

/* Begin PBXFileReference section */
		19EC5F0DCC785F7D85D2ECF3 /* Pods-NubankBrasaHacks2020_2.release.xcconfig */ = {isa = PBXFileReference; includeInIndex = 1; lastKnownFileType = text.xcconfig; name = "Pods-NubankBrasaHacks2020_2.release.xcconfig"; path = "Target Support Files/Pods-NubankBrasaHacks2020_2/Pods-NubankBrasaHacks2020_2.release.xcconfig"; sourceTree = "<group>"; };
		4A116924D883D16B55EE6860 /* Pods-NubankBrasaHacks2020_2.debug.xcconfig */ = {isa = PBXFileReference; includeInIndex = 1; lastKnownFileType = text.xcconfig; name = "Pods-NubankBrasaHacks2020_2.debug.xcconfig"; path = "Target Support Files/Pods-NubankBrasaHacks2020_2/Pods-NubankBrasaHacks2020_2.debug.xcconfig"; sourceTree = "<group>"; };
		91E94014E678EB326159B4A5 /* Pods-NubankBrasaHacks2020_2Tests.release.xcconfig */ = {isa = PBXFileReference; includeInIndex = 1; lastKnownFileType = text.xcconfig; name = "Pods-NubankBrasaHacks2020_2Tests.release.xcconfig"; path = "Target Support Files/Pods-NubankBrasaHacks2020_2Tests/Pods-NubankBrasaHacks2020_2Tests.release.xcconfig"; sourceTree = "<group>"; };
		AE3F94DEA2A49E763589AE77 /* Pods_NubankBrasaHacks2020_2.framework */ = {isa = PBXFileReference; explicitFileType = wrapper.framework; includeInIndex = 0; path = Pods_NubankBrasaHacks2020_2.framework; sourceTree = BUILT_PRODUCTS_DIR; };
		C348BABB871B9359E35B6218 /* Pods-NubankBrasaHacks2020_2-NubankBrasaHacks2020_2UITests.release.xcconfig */ = {isa = PBXFileReference; includeInIndex = 1; lastKnownFileType = text.xcconfig; name = "Pods-NubankBrasaHacks2020_2-NubankBrasaHacks2020_2UITests.release.xcconfig"; path = "Target Support Files/Pods-NubankBrasaHacks2020_2-NubankBrasaHacks2020_2UITests/Pods-NubankBrasaHacks2020_2-NubankBrasaHacks2020_2UITests.release.xcconfig"; sourceTree = "<group>"; };
		C8CA60BAA8B02C38C6FD4460 /* Pods-NubankBrasaHacks2020_2-NubankBrasaHacks2020_2UITests.debug.xcconfig */ = {isa = PBXFileReference; includeInIndex = 1; lastKnownFileType = text.xcconfig; name = "Pods-NubankBrasaHacks2020_2-NubankBrasaHacks2020_2UITests.debug.xcconfig"; path = "Target Support Files/Pods-NubankBrasaHacks2020_2-NubankBrasaHacks2020_2UITests/Pods-NubankBrasaHacks2020_2-NubankBrasaHacks2020_2UITests.debug.xcconfig"; sourceTree = "<group>"; };
		E0C9DC38D10D3B3F95CA44AD /* Pods_NubankBrasaHacks2020_2_NubankBrasaHacks2020_2UITests.framework */ = {isa = PBXFileReference; explicitFileType = wrapper.framework; includeInIndex = 0; path = Pods_NubankBrasaHacks2020_2_NubankBrasaHacks2020_2UITests.framework; sourceTree = BUILT_PRODUCTS_DIR; };
		E294F4876C5CDE1BC270C931 /* Pods-NubankBrasaHacks2020_2Tests.debug.xcconfig */ = {isa = PBXFileReference; includeInIndex = 1; lastKnownFileType = text.xcconfig; name = "Pods-NubankBrasaHacks2020_2Tests.debug.xcconfig"; path = "Target Support Files/Pods-NubankBrasaHacks2020_2Tests/Pods-NubankBrasaHacks2020_2Tests.debug.xcconfig"; sourceTree = "<group>"; };
		E3B0CF292423849600C26FC3 /* NubankBrasaHacks2020_2.app */ = {isa = PBXFileReference; explicitFileType = wrapper.application; includeInIndex = 0; path = NubankBrasaHacks2020_2.app; sourceTree = BUILT_PRODUCTS_DIR; };
		E3B0CF2C2423849600C26FC3 /* AppDelegate.swift */ = {isa = PBXFileReference; lastKnownFileType = sourcecode.swift; path = AppDelegate.swift; sourceTree = "<group>"; };
		E3B0CF2E2423849600C26FC3 /* SceneDelegate.swift */ = {isa = PBXFileReference; lastKnownFileType = sourcecode.swift; path = SceneDelegate.swift; sourceTree = "<group>"; };
		E3B0CF302423849600C26FC3 /* FirstViewController.swift */ = {isa = PBXFileReference; lastKnownFileType = sourcecode.swift; path = FirstViewController.swift; sourceTree = "<group>"; };
		E3B0CF322423849600C26FC3 /* SecondViewController.swift */ = {isa = PBXFileReference; lastKnownFileType = sourcecode.swift; path = SecondViewController.swift; sourceTree = "<group>"; };
		E3B0CF352423849600C26FC3 /* Base */ = {isa = PBXFileReference; lastKnownFileType = file.storyboard; name = Base; path = Base.lproj/Main.storyboard; sourceTree = "<group>"; };
		E3B0CF372423849700C26FC3 /* Assets.xcassets */ = {isa = PBXFileReference; lastKnownFileType = folder.assetcatalog; path = Assets.xcassets; sourceTree = "<group>"; };
		E3B0CF3A2423849700C26FC3 /* Base */ = {isa = PBXFileReference; lastKnownFileType = file.storyboard; name = Base; path = Base.lproj/LaunchScreen.storyboard; sourceTree = "<group>"; };
		E3B0CF3C2423849700C26FC3 /* Info.plist */ = {isa = PBXFileReference; lastKnownFileType = text.plist.xml; path = Info.plist; sourceTree = "<group>"; };
		E3B0CF412423849700C26FC3 /* NubankBrasaHacks2020_2Tests.xctest */ = {isa = PBXFileReference; explicitFileType = wrapper.cfbundle; includeInIndex = 0; path = NubankBrasaHacks2020_2Tests.xctest; sourceTree = BUILT_PRODUCTS_DIR; };
		E3B0CF452423849700C26FC3 /* NubankBrasaHacks2020_2Tests.swift */ = {isa = PBXFileReference; lastKnownFileType = sourcecode.swift; path = NubankBrasaHacks2020_2Tests.swift; sourceTree = "<group>"; };
		E3B0CF472423849700C26FC3 /* Info.plist */ = {isa = PBXFileReference; lastKnownFileType = text.plist.xml; path = Info.plist; sourceTree = "<group>"; };
		E3B0CF4C2423849700C26FC3 /* NubankBrasaHacks2020_2UITests.xctest */ = {isa = PBXFileReference; explicitFileType = wrapper.cfbundle; includeInIndex = 0; path = NubankBrasaHacks2020_2UITests.xctest; sourceTree = BUILT_PRODUCTS_DIR; };
		E3B0CF502423849700C26FC3 /* NubankBrasaHacks2020_2UITests.swift */ = {isa = PBXFileReference; lastKnownFileType = sourcecode.swift; path = NubankBrasaHacks2020_2UITests.swift; sourceTree = "<group>"; };
		E3B0CF522423849700C26FC3 /* Info.plist */ = {isa = PBXFileReference; lastKnownFileType = text.plist.xml; path = Info.plist; sourceTree = "<group>"; };
		E93930929818BA989C20AA6F /* Pods_NubankBrasaHacks2020_2Tests.framework */ = {isa = PBXFileReference; explicitFileType = wrapper.framework; includeInIndex = 0; path = Pods_NubankBrasaHacks2020_2Tests.framework; sourceTree = BUILT_PRODUCTS_DIR; };
/* End PBXFileReference section */

/* Begin PBXFrameworksBuildPhase section */
		E3B0CF262423849600C26FC3 /* Frameworks */ = {
			isa = PBXFrameworksBuildPhase;
			buildActionMask = 2147483647;
			files = (
				BF5EEE957B6BE62B5F343DE9 /* Pods_NubankBrasaHacks2020_2.framework in Frameworks */,
			);
			runOnlyForDeploymentPostprocessing = 0;
		};
		E3B0CF3E2423849700C26FC3 /* Frameworks */ = {
			isa = PBXFrameworksBuildPhase;
			buildActionMask = 2147483647;
			files = (
				81B90EFFC532477C4482D9FC /* Pods_NubankBrasaHacks2020_2Tests.framework in Frameworks */,
			);
			runOnlyForDeploymentPostprocessing = 0;
		};
		E3B0CF492423849700C26FC3 /* Frameworks */ = {
			isa = PBXFrameworksBuildPhase;
			buildActionMask = 2147483647;
			files = (
				3249AFF89CD2F2349989BC73 /* Pods_NubankBrasaHacks2020_2_NubankBrasaHacks2020_2UITests.framework in Frameworks */,
			);
			runOnlyForDeploymentPostprocessing = 0;
		};
/* End PBXFrameworksBuildPhase section */

/* Begin PBXGroup section */
		6DB4207927B7852F0BB925E3 /* Pods */ = {
			isa = PBXGroup;
			children = (
				4A116924D883D16B55EE6860 /* Pods-NubankBrasaHacks2020_2.debug.xcconfig */,
				19EC5F0DCC785F7D85D2ECF3 /* Pods-NubankBrasaHacks2020_2.release.xcconfig */,
				C8CA60BAA8B02C38C6FD4460 /* Pods-NubankBrasaHacks2020_2-NubankBrasaHacks2020_2UITests.debug.xcconfig */,
				C348BABB871B9359E35B6218 /* Pods-NubankBrasaHacks2020_2-NubankBrasaHacks2020_2UITests.release.xcconfig */,
				E294F4876C5CDE1BC270C931 /* Pods-NubankBrasaHacks2020_2Tests.debug.xcconfig */,
				91E94014E678EB326159B4A5 /* Pods-NubankBrasaHacks2020_2Tests.release.xcconfig */,
			);
			name = Pods;
			path = Pods;
			sourceTree = "<group>";
		};
		93312FA928C3DBF6DE9857CB /* Frameworks */ = {
			isa = PBXGroup;
			children = (
				AE3F94DEA2A49E763589AE77 /* Pods_NubankBrasaHacks2020_2.framework */,
				E0C9DC38D10D3B3F95CA44AD /* Pods_NubankBrasaHacks2020_2_NubankBrasaHacks2020_2UITests.framework */,
				E93930929818BA989C20AA6F /* Pods_NubankBrasaHacks2020_2Tests.framework */,
			);
			name = Frameworks;
			sourceTree = "<group>";
		};
		E3B0CF202423849600C26FC3 = {
			isa = PBXGroup;
			children = (
				E3B0CF2B2423849600C26FC3 /* NubankBrasaHacks2020_2 */,
				E3B0CF442423849700C26FC3 /* NubankBrasaHacks2020_2Tests */,
				E3B0CF4F2423849700C26FC3 /* NubankBrasaHacks2020_2UITests */,
				E3B0CF2A2423849600C26FC3 /* Products */,
				6DB4207927B7852F0BB925E3 /* Pods */,
				93312FA928C3DBF6DE9857CB /* Frameworks */,
			);
			sourceTree = "<group>";
		};
		E3B0CF2A2423849600C26FC3 /* Products */ = {
			isa = PBXGroup;
			children = (
				E3B0CF292423849600C26FC3 /* NubankBrasaHacks2020_2.app */,
				E3B0CF412423849700C26FC3 /* NubankBrasaHacks2020_2Tests.xctest */,
				E3B0CF4C2423849700C26FC3 /* NubankBrasaHacks2020_2UITests.xctest */,
			);
			name = Products;
			sourceTree = "<group>";
		};
		E3B0CF2B2423849600C26FC3 /* NubankBrasaHacks2020_2 */ = {
			isa = PBXGroup;
			children = (
				E3B0CF2C2423849600C26FC3 /* AppDelegate.swift */,
				E3B0CF2E2423849600C26FC3 /* SceneDelegate.swift */,
				E3B0CF302423849600C26FC3 /* FirstViewController.swift */,
				E3B0CF322423849600C26FC3 /* SecondViewController.swift */,
				E3B0CF342423849600C26FC3 /* Main.storyboard */,
				E3B0CF372423849700C26FC3 /* Assets.xcassets */,
				E3B0CF392423849700C26FC3 /* LaunchScreen.storyboard */,
				E3B0CF3C2423849700C26FC3 /* Info.plist */,
			);
			path = NubankBrasaHacks2020_2;
			sourceTree = "<group>";
		};
		E3B0CF442423849700C26FC3 /* NubankBrasaHacks2020_2Tests */ = {
			isa = PBXGroup;
			children = (
				E3B0CF452423849700C26FC3 /* NubankBrasaHacks2020_2Tests.swift */,
				E3B0CF472423849700C26FC3 /* Info.plist */,
			);
			path = NubankBrasaHacks2020_2Tests;
			sourceTree = "<group>";
		};
		E3B0CF4F2423849700C26FC3 /* NubankBrasaHacks2020_2UITests */ = {
			isa = PBXGroup;
			children = (
				E3B0CF502423849700C26FC3 /* NubankBrasaHacks2020_2UITests.swift */,
				E3B0CF522423849700C26FC3 /* Info.plist */,
			);
			path = NubankBrasaHacks2020_2UITests;
			sourceTree = "<group>";
		};
/* End PBXGroup section */

/* Begin PBXNativeTarget section */
		E3B0CF282423849600C26FC3 /* NubankBrasaHacks2020_2 */ = {
			isa = PBXNativeTarget;
			buildConfigurationList = E3B0CF552423849700C26FC3 /* Build configuration list for PBXNativeTarget "NubankBrasaHacks2020_2" */;
			buildPhases = (
				818CF7D9E52DF9C2EDF63F15 /* [CP] Check Pods Manifest.lock */,
				E3B0CF252423849600C26FC3 /* Sources */,
				E3B0CF262423849600C26FC3 /* Frameworks */,
				E3B0CF272423849600C26FC3 /* Resources */,
				89A37E2FB599B9C32F070BE3 /* [CP] Embed Pods Frameworks */,
			);
			buildRules = (
			);
			dependencies = (
			);
			name = NubankBrasaHacks2020_2;
			productName = NubankBrasaHacks2020_2;
			productReference = E3B0CF292423849600C26FC3 /* NubankBrasaHacks2020_2.app */;
			productType = "com.apple.product-type.application";
		};
		E3B0CF402423849700C26FC3 /* NubankBrasaHacks2020_2Tests */ = {
			isa = PBXNativeTarget;
			buildConfigurationList = E3B0CF582423849700C26FC3 /* Build configuration list for PBXNativeTarget "NubankBrasaHacks2020_2Tests" */;
			buildPhases = (
				4348EC76CAD1BB9D9F6947E2 /* [CP] Check Pods Manifest.lock */,
				E3B0CF3D2423849700C26FC3 /* Sources */,
				E3B0CF3E2423849700C26FC3 /* Frameworks */,
				E3B0CF3F2423849700C26FC3 /* Resources */,
			);
			buildRules = (
			);
			dependencies = (
				E3B0CF432423849700C26FC3 /* PBXTargetDependency */,
			);
			name = NubankBrasaHacks2020_2Tests;
			productName = NubankBrasaHacks2020_2Tests;
			productReference = E3B0CF412423849700C26FC3 /* NubankBrasaHacks2020_2Tests.xctest */;
			productType = "com.apple.product-type.bundle.unit-test";
		};
		E3B0CF4B2423849700C26FC3 /* NubankBrasaHacks2020_2UITests */ = {
			isa = PBXNativeTarget;
			buildConfigurationList = E3B0CF5B2423849700C26FC3 /* Build configuration list for PBXNativeTarget "NubankBrasaHacks2020_2UITests" */;
			buildPhases = (
				C52E62A1867D402DD673611F /* [CP] Check Pods Manifest.lock */,
				E3B0CF482423849700C26FC3 /* Sources */,
				E3B0CF492423849700C26FC3 /* Frameworks */,
				E3B0CF4A2423849700C26FC3 /* Resources */,
				16805D56FACA9C39EB89DD64 /* [CP] Embed Pods Frameworks */,
			);
			buildRules = (
			);
			dependencies = (
				E3B0CF4E2423849700C26FC3 /* PBXTargetDependency */,
			);
			name = NubankBrasaHacks2020_2UITests;
			productName = NubankBrasaHacks2020_2UITests;
			productReference = E3B0CF4C2423849700C26FC3 /* NubankBrasaHacks2020_2UITests.xctest */;
			productType = "com.apple.product-type.bundle.ui-testing";
		};
/* End PBXNativeTarget section */

/* Begin PBXProject section */
		E3B0CF212423849600C26FC3 /* Project object */ = {
			isa = PBXProject;
			attributes = {
				LastSwiftUpdateCheck = 1130;
				LastUpgradeCheck = 1130;
				ORGANIZATIONNAME = com.DemonerThomas;
				TargetAttributes = {
					E3B0CF282423849600C26FC3 = {
						CreatedOnToolsVersion = 11.3.1;
					};
					E3B0CF402423849700C26FC3 = {
						CreatedOnToolsVersion = 11.3.1;
						TestTargetID = E3B0CF282423849600C26FC3;
					};
					E3B0CF4B2423849700C26FC3 = {
						CreatedOnToolsVersion = 11.3.1;
						TestTargetID = E3B0CF282423849600C26FC3;
					};
				};
			};
			buildConfigurationList = E3B0CF242423849600C26FC3 /* Build configuration list for PBXProject "NubankBrasaHacks2020_2" */;
			compatibilityVersion = "Xcode 9.3";
			developmentRegion = en;
			hasScannedForEncodings = 0;
			knownRegions = (
				en,
				Base,
			);
			mainGroup = E3B0CF202423849600C26FC3;
			productRefGroup = E3B0CF2A2423849600C26FC3 /* Products */;
			projectDirPath = "";
			projectRoot = "";
			targets = (
				E3B0CF282423849600C26FC3 /* NubankBrasaHacks2020_2 */,
				E3B0CF402423849700C26FC3 /* NubankBrasaHacks2020_2Tests */,
				E3B0CF4B2423849700C26FC3 /* NubankBrasaHacks2020_2UITests */,
			);
		};
/* End PBXProject section */

/* Begin PBXResourcesBuildPhase section */
		E3B0CF272423849600C26FC3 /* Resources */ = {
			isa = PBXResourcesBuildPhase;
			buildActionMask = 2147483647;
			files = (
				E3B0CF3B2423849700C26FC3 /* LaunchScreen.storyboard in Resources */,
				E3B0CF382423849700C26FC3 /* Assets.xcassets in Resources */,
				E3B0CF362423849600C26FC3 /* Main.storyboard in Resources */,
			);
			runOnlyForDeploymentPostprocessing = 0;
		};
		E3B0CF3F2423849700C26FC3 /* Resources */ = {
			isa = PBXResourcesBuildPhase;
			buildActionMask = 2147483647;
			files = (
			);
			runOnlyForDeploymentPostprocessing = 0;
		};
		E3B0CF4A2423849700C26FC3 /* Resources */ = {
			isa = PBXResourcesBuildPhase;
			buildActionMask = 2147483647;
			files = (
			);
			runOnlyForDeploymentPostprocessing = 0;
		};
/* End PBXResourcesBuildPhase section */

/* Begin PBXShellScriptBuildPhase section */
		16805D56FACA9C39EB89DD64 /* [CP] Embed Pods Frameworks */ = {
			isa = PBXShellScriptBuildPhase;
			buildActionMask = 2147483647;
			files = (
			);
			inputFileListPaths = (
				"${PODS_ROOT}/Target Support Files/Pods-NubankBrasaHacks2020_2-NubankBrasaHacks2020_2UITests/Pods-NubankBrasaHacks2020_2-NubankBrasaHacks2020_2UITests-frameworks-${CONFIGURATION}-input-files.xcfilelist",
			);
			name = "[CP] Embed Pods Frameworks";
			outputFileListPaths = (
				"${PODS_ROOT}/Target Support Files/Pods-NubankBrasaHacks2020_2-NubankBrasaHacks2020_2UITests/Pods-NubankBrasaHacks2020_2-NubankBrasaHacks2020_2UITests-frameworks-${CONFIGURATION}-output-files.xcfilelist",
			);
			runOnlyForDeploymentPostprocessing = 0;
			shellPath = /bin/sh;
			shellScript = "\"${PODS_ROOT}/Target Support Files/Pods-NubankBrasaHacks2020_2-NubankBrasaHacks2020_2UITests/Pods-NubankBrasaHacks2020_2-NubankBrasaHacks2020_2UITests-frameworks.sh\"\n";
			showEnvVarsInLog = 0;
		};
		4348EC76CAD1BB9D9F6947E2 /* [CP] Check Pods Manifest.lock */ = {
			isa = PBXShellScriptBuildPhase;
			buildActionMask = 2147483647;
			files = (
			);
			inputFileListPaths = (
			);
			inputPaths = (
				"${PODS_PODFILE_DIR_PATH}/Podfile.lock",
				"${PODS_ROOT}/Manifest.lock",
			);
			name = "[CP] Check Pods Manifest.lock";
			outputFileListPaths = (
			);
			outputPaths = (
				"$(DERIVED_FILE_DIR)/Pods-NubankBrasaHacks2020_2Tests-checkManifestLockResult.txt",
			);
			runOnlyForDeploymentPostprocessing = 0;
			shellPath = /bin/sh;
			shellScript = "diff \"${PODS_PODFILE_DIR_PATH}/Podfile.lock\" \"${PODS_ROOT}/Manifest.lock\" > /dev/null\nif [ $? != 0 ] ; then\n    # print error to STDERR\n    echo \"error: The sandbox is not in sync with the Podfile.lock. Run 'pod install' or update your CocoaPods installation.\" >&2\n    exit 1\nfi\n# This output is used by Xcode 'outputs' to avoid re-running this script phase.\necho \"SUCCESS\" > \"${SCRIPT_OUTPUT_FILE_0}\"\n";
			showEnvVarsInLog = 0;
		};
		818CF7D9E52DF9C2EDF63F15 /* [CP] Check Pods Manifest.lock */ = {
			isa = PBXShellScriptBuildPhase;
			buildActionMask = 2147483647;
			files = (
			);
			inputFileListPaths = (
			);
			inputPaths = (
				"${PODS_PODFILE_DIR_PATH}/Podfile.lock",
				"${PODS_ROOT}/Manifest.lock",
			);
			name = "[CP] Check Pods Manifest.lock";
			outputFileListPaths = (
			);
			outputPaths = (
				"$(DERIVED_FILE_DIR)/Pods-NubankBrasaHacks2020_2-checkManifestLockResult.txt",
			);
			runOnlyForDeploymentPostprocessing = 0;
			shellPath = /bin/sh;
			shellScript = "diff \"${PODS_PODFILE_DIR_PATH}/Podfile.lock\" \"${PODS_ROOT}/Manifest.lock\" > /dev/null\nif [ $? != 0 ] ; then\n    # print error to STDERR\n    echo \"error: The sandbox is not in sync with the Podfile.lock. Run 'pod install' or update your CocoaPods installation.\" >&2\n    exit 1\nfi\n# This output is used by Xcode 'outputs' to avoid re-running this script phase.\necho \"SUCCESS\" > \"${SCRIPT_OUTPUT_FILE_0}\"\n";
			showEnvVarsInLog = 0;
		};
		89A37E2FB599B9C32F070BE3 /* [CP] Embed Pods Frameworks */ = {
			isa = PBXShellScriptBuildPhase;
			buildActionMask = 2147483647;
			files = (
			);
			inputFileListPaths = (
				"${PODS_ROOT}/Target Support Files/Pods-NubankBrasaHacks2020_2/Pods-NubankBrasaHacks2020_2-frameworks-${CONFIGURATION}-input-files.xcfilelist",
			);
			name = "[CP] Embed Pods Frameworks";
			outputFileListPaths = (
				"${PODS_ROOT}/Target Support Files/Pods-NubankBrasaHacks2020_2/Pods-NubankBrasaHacks2020_2-frameworks-${CONFIGURATION}-output-files.xcfilelist",
			);
			runOnlyForDeploymentPostprocessing = 0;
			shellPath = /bin/sh;
			shellScript = "\"${PODS_ROOT}/Target Support Files/Pods-NubankBrasaHacks2020_2/Pods-NubankBrasaHacks2020_2-frameworks.sh\"\n";
			showEnvVarsInLog = 0;
		};
		C52E62A1867D402DD673611F /* [CP] Check Pods Manifest.lock */ = {
			isa = PBXShellScriptBuildPhase;
			buildActionMask = 2147483647;
			files = (
			);
			inputFileListPaths = (
			);
			inputPaths = (
				"${PODS_PODFILE_DIR_PATH}/Podfile.lock",
				"${PODS_ROOT}/Manifest.lock",
			);
			name = "[CP] Check Pods Manifest.lock";
			outputFileListPaths = (
			);
			outputPaths = (
				"$(DERIVED_FILE_DIR)/Pods-NubankBrasaHacks2020_2-NubankBrasaHacks2020_2UITests-checkManifestLockResult.txt",
			);
			runOnlyForDeploymentPostprocessing = 0;
			shellPath = /bin/sh;
			shellScript = "diff \"${PODS_PODFILE_DIR_PATH}/Podfile.lock\" \"${PODS_ROOT}/Manifest.lock\" > /dev/null\nif [ $? != 0 ] ; then\n    # print error to STDERR\n    echo \"error: The sandbox is not in sync with the Podfile.lock. Run 'pod install' or update your CocoaPods installation.\" >&2\n    exit 1\nfi\n# This output is used by Xcode 'outputs' to avoid re-running this script phase.\necho \"SUCCESS\" > \"${SCRIPT_OUTPUT_FILE_0}\"\n";
			showEnvVarsInLog = 0;
		};
/* End PBXShellScriptBuildPhase section */

/* Begin PBXSourcesBuildPhase section */
		E3B0CF252423849600C26FC3 /* Sources */ = {
			isa = PBXSourcesBuildPhase;
			buildActionMask = 2147483647;
			files = (
				E3B0CF332423849600C26FC3 /* SecondViewController.swift in Sources */,
				E3B0CF312423849600C26FC3 /* FirstViewController.swift in Sources */,
				E3B0CF2D2423849600C26FC3 /* AppDelegate.swift in Sources */,
				E3B0CF2F2423849600C26FC3 /* SceneDelegate.swift in Sources */,
			);
			runOnlyForDeploymentPostprocessing = 0;
		};
		E3B0CF3D2423849700C26FC3 /* Sources */ = {
			isa = PBXSourcesBuildPhase;
			buildActionMask = 2147483647;
			files = (
				E3B0CF462423849700C26FC3 /* NubankBrasaHacks2020_2Tests.swift in Sources */,
			);
			runOnlyForDeploymentPostprocessing = 0;
		};
		E3B0CF482423849700C26FC3 /* Sources */ = {
			isa = PBXSourcesBuildPhase;
			buildActionMask = 2147483647;
			files = (
				E3B0CF512423849700C26FC3 /* NubankBrasaHacks2020_2UITests.swift in Sources */,
			);
			runOnlyForDeploymentPostprocessing = 0;
		};
/* End PBXSourcesBuildPhase section */

/* Begin PBXTargetDependency section */
		E3B0CF432423849700C26FC3 /* PBXTargetDependency */ = {
			isa = PBXTargetDependency;
			target = E3B0CF282423849600C26FC3 /* NubankBrasaHacks2020_2 */;
			targetProxy = E3B0CF422423849700C26FC3 /* PBXContainerItemProxy */;
		};
		E3B0CF4E2423849700C26FC3 /* PBXTargetDependency */ = {
			isa = PBXTargetDependency;
			target = E3B0CF282423849600C26FC3 /* NubankBrasaHacks2020_2 */;
			targetProxy = E3B0CF4D2423849700C26FC3 /* PBXContainerItemProxy */;
		};
/* End PBXTargetDependency section */

/* Begin PBXVariantGroup section */
		E3B0CF342423849600C26FC3 /* Main.storyboard */ = {
			isa = PBXVariantGroup;
			children = (
				E3B0CF352423849600C26FC3 /* Base */,
			);
			name = Main.storyboard;
			sourceTree = "<group>";
		};
		E3B0CF392423849700C26FC3 /* LaunchScreen.storyboard */ = {
			isa = PBXVariantGroup;
			children = (
				E3B0CF3A2423849700C26FC3 /* Base */,
			);
			name = LaunchScreen.storyboard;
			sourceTree = "<group>";
		};
/* End PBXVariantGroup section */

/* Begin XCBuildConfiguration section */
		E3B0CF532423849700C26FC3 /* Debug */ = {
			isa = XCBuildConfiguration;
			buildSettings = {
				ALWAYS_SEARCH_USER_PATHS = NO;
				CLANG_ANALYZER_NONNULL = YES;
				CLANG_ANALYZER_NUMBER_OBJECT_CONVERSION = YES_AGGRESSIVE;
				CLANG_CXX_LANGUAGE_STANDARD = "gnu++14";
				CLANG_CXX_LIBRARY = "libc++";
				CLANG_ENABLE_MODULES = YES;
				CLANG_ENABLE_OBJC_ARC = YES;
				CLANG_ENABLE_OBJC_WEAK = YES;
				CLANG_WARN_BLOCK_CAPTURE_AUTORELEASING = YES;
				CLANG_WARN_BOOL_CONVERSION = YES;
				CLANG_WARN_COMMA = YES;
				CLANG_WARN_CONSTANT_CONVERSION = YES;
				CLANG_WARN_DEPRECATED_OBJC_IMPLEMENTATIONS = YES;
				CLANG_WARN_DIRECT_OBJC_ISA_USAGE = YES_ERROR;
				CLANG_WARN_DOCUMENTATION_COMMENTS = YES;
				CLANG_WARN_EMPTY_BODY = YES;
				CLANG_WARN_ENUM_CONVERSION = YES;
				CLANG_WARN_INFINITE_RECURSION = YES;
				CLANG_WARN_INT_CONVERSION = YES;
				CLANG_WARN_NON_LITERAL_NULL_CONVERSION = YES;
				CLANG_WARN_OBJC_IMPLICIT_RETAIN_SELF = YES;
				CLANG_WARN_OBJC_LITERAL_CONVERSION = YES;
				CLANG_WARN_OBJC_ROOT_CLASS = YES_ERROR;
				CLANG_WARN_RANGE_LOOP_ANALYSIS = YES;
				CLANG_WARN_STRICT_PROTOTYPES = YES;
				CLANG_WARN_SUSPICIOUS_MOVE = YES;
				CLANG_WARN_UNGUARDED_AVAILABILITY = YES_AGGRESSIVE;
				CLANG_WARN_UNREACHABLE_CODE = YES;
				CLANG_WARN__DUPLICATE_METHOD_MATCH = YES;
				COPY_PHASE_STRIP = NO;
				DEBUG_INFORMATION_FORMAT = dwarf;
				ENABLE_STRICT_OBJC_MSGSEND = YES;
				ENABLE_TESTABILITY = YES;
				GCC_C_LANGUAGE_STANDARD = gnu11;
				GCC_DYNAMIC_NO_PIC = NO;
				GCC_NO_COMMON_BLOCKS = YES;
				GCC_OPTIMIZATION_LEVEL = 0;
				GCC_PREPROCESSOR_DEFINITIONS = (
					"DEBUG=1",
					"$(inherited)",
				);
				GCC_WARN_64_TO_32_BIT_CONVERSION = YES;
				GCC_WARN_ABOUT_RETURN_TYPE = YES_ERROR;
				GCC_WARN_UNDECLARED_SELECTOR = YES;
				GCC_WARN_UNINITIALIZED_AUTOS = YES_AGGRESSIVE;
				GCC_WARN_UNUSED_FUNCTION = YES;
				GCC_WARN_UNUSED_VARIABLE = YES;
				IPHONEOS_DEPLOYMENT_TARGET = 13.2;
				MTL_ENABLE_DEBUG_INFO = INCLUDE_SOURCE;
				MTL_FAST_MATH = YES;
				ONLY_ACTIVE_ARCH = YES;
				SDKROOT = iphoneos;
				SWIFT_ACTIVE_COMPILATION_CONDITIONS = DEBUG;
				SWIFT_OPTIMIZATION_LEVEL = "-Onone";
			};
			name = Debug;
		};
		E3B0CF542423849700C26FC3 /* Release */ = {
			isa = XCBuildConfiguration;
			buildSettings = {
				ALWAYS_SEARCH_USER_PATHS = NO;
				CLANG_ANALYZER_NONNULL = YES;
				CLANG_ANALYZER_NUMBER_OBJECT_CONVERSION = YES_AGGRESSIVE;
				CLANG_CXX_LANGUAGE_STANDARD = "gnu++14";
				CLANG_CXX_LIBRARY = "libc++";
				CLANG_ENABLE_MODULES = YES;
				CLANG_ENABLE_OBJC_ARC = YES;
				CLANG_ENABLE_OBJC_WEAK = YES;
				CLANG_WARN_BLOCK_CAPTURE_AUTORELEASING = YES;
				CLANG_WARN_BOOL_CONVERSION = YES;
				CLANG_WARN_COMMA = YES;
				CLANG_WARN_CONSTANT_CONVERSION = YES;
				CLANG_WARN_DEPRECATED_OBJC_IMPLEMENTATIONS = YES;
				CLANG_WARN_DIRECT_OBJC_ISA_USAGE = YES_ERROR;
				CLANG_WARN_DOCUMENTATION_COMMENTS = YES;
				CLANG_WARN_EMPTY_BODY = YES;
				CLANG_WARN_ENUM_CONVERSION = YES;
				CLANG_WARN_INFINITE_RECURSION = YES;
				CLANG_WARN_INT_CONVERSION = YES;
				CLANG_WARN_NON_LITERAL_NULL_CONVERSION = YES;
				CLANG_WARN_OBJC_IMPLICIT_RETAIN_SELF = YES;
				CLANG_WARN_OBJC_LITERAL_CONVERSION = YES;
				CLANG_WARN_OBJC_ROOT_CLASS = YES_ERROR;
				CLANG_WARN_RANGE_LOOP_ANALYSIS = YES;
				CLANG_WARN_STRICT_PROTOTYPES = YES;
				CLANG_WARN_SUSPICIOUS_MOVE = YES;
				CLANG_WARN_UNGUARDED_AVAILABILITY = YES_AGGRESSIVE;
				CLANG_WARN_UNREACHABLE_CODE = YES;
				CLANG_WARN__DUPLICATE_METHOD_MATCH = YES;
				COPY_PHASE_STRIP = NO;
				DEBUG_INFORMATION_FORMAT = "dwarf-with-dsym";
				ENABLE_NS_ASSERTIONS = NO;
				ENABLE_STRICT_OBJC_MSGSEND = YES;
				GCC_C_LANGUAGE_STANDARD = gnu11;
				GCC_NO_COMMON_BLOCKS = YES;
				GCC_WARN_64_TO_32_BIT_CONVERSION = YES;
				GCC_WARN_ABOUT_RETURN_TYPE = YES_ERROR;
				GCC_WARN_UNDECLARED_SELECTOR = YES;
				GCC_WARN_UNINITIALIZED_AUTOS = YES_AGGRESSIVE;
				GCC_WARN_UNUSED_FUNCTION = YES;
				GCC_WARN_UNUSED_VARIABLE = YES;
				IPHONEOS_DEPLOYMENT_TARGET = 13.2;
				MTL_ENABLE_DEBUG_INFO = NO;
				MTL_FAST_MATH = YES;
				SDKROOT = iphoneos;
				SWIFT_COMPILATION_MODE = wholemodule;
				SWIFT_OPTIMIZATION_LEVEL = "-O";
				VALIDATE_PRODUCT = YES;
			};
			name = Release;
		};
		E3B0CF562423849700C26FC3 /* Debug */ = {
			isa = XCBuildConfiguration;
			baseConfigurationReference = 4A116924D883D16B55EE6860 /* Pods-NubankBrasaHacks2020_2.debug.xcconfig */;
			buildSettings = {
				ASSETCATALOG_COMPILER_APPICON_NAME = AppIcon;
				CODE_SIGN_STYLE = Automatic;
				DEVELOPMENT_TEAM = R9LQ894T5P;
				INFOPLIST_FILE = NubankBrasaHacks2020_2/Info.plist;
				LD_RUNPATH_SEARCH_PATHS = (
					"$(inherited)",
					"@executable_path/Frameworks",
				);
				PRODUCT_BUNDLE_IDENTIFIER = "Brasa.NubankBrasaHacks2020-2";
				PRODUCT_NAME = "$(TARGET_NAME)";
				SWIFT_VERSION = 5.0;
				TARGETED_DEVICE_FAMILY = "1,2";
			};
			name = Debug;
		};
		E3B0CF572423849700C26FC3 /* Release */ = {
			isa = XCBuildConfiguration;
			baseConfigurationReference = 19EC5F0DCC785F7D85D2ECF3 /* Pods-NubankBrasaHacks2020_2.release.xcconfig */;
			buildSettings = {
				ASSETCATALOG_COMPILER_APPICON_NAME = AppIcon;
				CODE_SIGN_STYLE = Automatic;
				DEVELOPMENT_TEAM = R9LQ894T5P;
				INFOPLIST_FILE = NubankBrasaHacks2020_2/Info.plist;
				LD_RUNPATH_SEARCH_PATHS = (
					"$(inherited)",
					"@executable_path/Frameworks",
				);
				PRODUCT_BUNDLE_IDENTIFIER = "Brasa.NubankBrasaHacks2020-2";
				PRODUCT_NAME = "$(TARGET_NAME)";
				SWIFT_VERSION = 5.0;
				TARGETED_DEVICE_FAMILY = "1,2";
			};
			name = Release;
		};
		E3B0CF592423849700C26FC3 /* Debug */ = {
			isa = XCBuildConfiguration;
			baseConfigurationReference = E294F4876C5CDE1BC270C931 /* Pods-NubankBrasaHacks2020_2Tests.debug.xcconfig */;
			buildSettings = {
				ALWAYS_EMBED_SWIFT_STANDARD_LIBRARIES = YES;
				BUNDLE_LOADER = "$(TEST_HOST)";
				CODE_SIGN_STYLE = Automatic;
				DEVELOPMENT_TEAM = R9LQ894T5P;
				INFOPLIST_FILE = NubankBrasaHacks2020_2Tests/Info.plist;
				IPHONEOS_DEPLOYMENT_TARGET = 13.2;
				LD_RUNPATH_SEARCH_PATHS = (
					"$(inherited)",
					"@executable_path/Frameworks",
					"@loader_path/Frameworks",
				);
				PRODUCT_BUNDLE_IDENTIFIER = "Brasa.NubankBrasaHacks2020-2Tests";
				PRODUCT_NAME = "$(TARGET_NAME)";
				SWIFT_VERSION = 5.0;
				TARGETED_DEVICE_FAMILY = "1,2";
				TEST_HOST = "$(BUILT_PRODUCTS_DIR)/NubankBrasaHacks2020_2.app/NubankBrasaHacks2020_2";
			};
			name = Debug;
		};
		E3B0CF5A2423849700C26FC3 /* Release */ = {
			isa = XCBuildConfiguration;
			baseConfigurationReference = 91E94014E678EB326159B4A5 /* Pods-NubankBrasaHacks2020_2Tests.release.xcconfig */;
			buildSettings = {
				ALWAYS_EMBED_SWIFT_STANDARD_LIBRARIES = YES;
				BUNDLE_LOADER = "$(TEST_HOST)";
				CODE_SIGN_STYLE = Automatic;
				DEVELOPMENT_TEAM = R9LQ894T5P;
				INFOPLIST_FILE = NubankBrasaHacks2020_2Tests/Info.plist;
				IPHONEOS_DEPLOYMENT_TARGET = 13.2;
				LD_RUNPATH_SEARCH_PATHS = (
					"$(inherited)",
					"@executable_path/Frameworks",
					"@loader_path/Frameworks",
				);
				PRODUCT_BUNDLE_IDENTIFIER = "Brasa.NubankBrasaHacks2020-2Tests";
				PRODUCT_NAME = "$(TARGET_NAME)";
				SWIFT_VERSION = 5.0;
				TARGETED_DEVICE_FAMILY = "1,2";
				TEST_HOST = "$(BUILT_PRODUCTS_DIR)/NubankBrasaHacks2020_2.app/NubankBrasaHacks2020_2";
			};
			name = Release;
		};
		E3B0CF5C2423849700C26FC3 /* Debug */ = {
			isa = XCBuildConfiguration;
			baseConfigurationReference = C8CA60BAA8B02C38C6FD4460 /* Pods-NubankBrasaHacks2020_2-NubankBrasaHacks2020_2UITests.debug.xcconfig */;
			buildSettings = {
				ALWAYS_EMBED_SWIFT_STANDARD_LIBRARIES = YES;
				CODE_SIGN_STYLE = Automatic;
				DEVELOPMENT_TEAM = R9LQ894T5P;
				INFOPLIST_FILE = NubankBrasaHacks2020_2UITests/Info.plist;
				LD_RUNPATH_SEARCH_PATHS = (
					"$(inherited)",
					"@executable_path/Frameworks",
					"@loader_path/Frameworks",
				);
				PRODUCT_BUNDLE_IDENTIFIER = "Brasa.NubankBrasaHacks2020-2UITests";
				PRODUCT_NAME = "$(TARGET_NAME)";
				SWIFT_VERSION = 5.0;
				TARGETED_DEVICE_FAMILY = "1,2";
				TEST_TARGET_NAME = NubankBrasaHacks2020_2;
			};
			name = Debug;
		};
		E3B0CF5D2423849700C26FC3 /* Release */ = {
			isa = XCBuildConfiguration;
			baseConfigurationReference = C348BABB871B9359E35B6218 /* Pods-NubankBrasaHacks2020_2-NubankBrasaHacks2020_2UITests.release.xcconfig */;
			buildSettings = {
				ALWAYS_EMBED_SWIFT_STANDARD_LIBRARIES = YES;
				CODE_SIGN_STYLE = Automatic;
				DEVELOPMENT_TEAM = R9LQ894T5P;
				INFOPLIST_FILE = NubankBrasaHacks2020_2UITests/Info.plist;
				LD_RUNPATH_SEARCH_PATHS = (
					"$(inherited)",
					"@executable_path/Frameworks",
					"@loader_path/Frameworks",
				);
				PRODUCT_BUNDLE_IDENTIFIER = "Brasa.NubankBrasaHacks2020-2UITests";
				PRODUCT_NAME = "$(TARGET_NAME)";
				SWIFT_VERSION = 5.0;
				TARGETED_DEVICE_FAMILY = "1,2";
				TEST_TARGET_NAME = NubankBrasaHacks2020_2;
			};
			name = Release;
		};
/* End XCBuildConfiguration section */

/* Begin XCConfigurationList section */
		E3B0CF242423849600C26FC3 /* Build configuration list for PBXProject "NubankBrasaHacks2020_2" */ = {
			isa = XCConfigurationList;
			buildConfigurations = (
				E3B0CF532423849700C26FC3 /* Debug */,
				E3B0CF542423849700C26FC3 /* Release */,
			);
			defaultConfigurationIsVisible = 0;
			defaultConfigurationName = Release;
		};
		E3B0CF552423849700C26FC3 /* Build configuration list for PBXNativeTarget "NubankBrasaHacks2020_2" */ = {
			isa = XCConfigurationList;
			buildConfigurations = (
				E3B0CF562423849700C26FC3 /* Debug */,
				E3B0CF572423849700C26FC3 /* Release */,
			);
			defaultConfigurationIsVisible = 0;
			defaultConfigurationName = Release;
		};
		E3B0CF582423849700C26FC3 /* Build configuration list for PBXNativeTarget "NubankBrasaHacks2020_2Tests" */ = {
			isa = XCConfigurationList;
			buildConfigurations = (
				E3B0CF592423849700C26FC3 /* Debug */,
				E3B0CF5A2423849700C26FC3 /* Release */,
			);
			defaultConfigurationIsVisible = 0;
			defaultConfigurationName = Release;
		};
		E3B0CF5B2423849700C26FC3 /* Build configuration list for PBXNativeTarget "NubankBrasaHacks2020_2UITests" */ = {
			isa = XCConfigurationList;
			buildConfigurations = (
				E3B0CF5C2423849700C26FC3 /* Debug */,
				E3B0CF5D2423849700C26FC3 /* Release */,
			);
			defaultConfigurationIsVisible = 0;
			defaultConfigurationName = Release;
		};
/* End XCConfigurationList section */
	};
	rootObject = E3B0CF212423849600C26FC3 /* Project object */;
}
